// !$*UTF8*$!
{
	archiveVersion = 1;
	classes = {
	};
	objectVersion = 48;
	objects = {

/* Begin PBXBuildFile section */
		6D94D74F204D3ED8008436D2 /* AppDelegate.m in Sources */ = {isa = PBXBuildFile; fileRef = 6D94D74E204D3ED8008436D2 /* AppDelegate.m */; };
		6D94D752204D3ED8008436D2 /* ViewController.m in Sources */ = {isa = PBXBuildFile; fileRef = 6D94D751204D3ED8008436D2 /* ViewController.m */; };
		6D94D755204D3ED8008436D2 /* Main.storyboard in Resources */ = {isa = PBXBuildFile; fileRef = 6D94D753204D3ED8008436D2 /* Main.storyboard */; };
		6D94D758204D3ED8008436D2 /* SHBitView.xcdatamodeld in Sources */ = {isa = PBXBuildFile; fileRef = 6D94D756204D3ED8008436D2 /* SHBitView.xcdatamodeld */; };
		6D94D75A204D3ED8008436D2 /* Assets.xcassets in Resources */ = {isa = PBXBuildFile; fileRef = 6D94D759204D3ED8008436D2 /* Assets.xcassets */; };
		6D94D75D204D3ED8008436D2 /* LaunchScreen.storyboard in Resources */ = {isa = PBXBuildFile; fileRef = 6D94D75B204D3ED8008436D2 /* LaunchScreen.storyboard */; };
		6D94D760204D3ED8008436D2 /* main.m in Sources */ = {isa = PBXBuildFile; fileRef = 6D94D75F204D3ED8008436D2 /* main.m */; };
		6D94D76A204D3ED8008436D2 /* SHBitViewTests.m in Sources */ = {isa = PBXBuildFile; fileRef = 6D94D769204D3ED8008436D2 /* SHBitViewTests.m */; };
		6D94D775204D3ED8008436D2 /* SHBitViewUITests.m in Sources */ = {isa = PBXBuildFile; fileRef = 6D94D774204D3ED8008436D2 /* SHBitViewUITests.m */; };
		6D94D784204D3F14008436D2 /* SHBitView.m in Sources */ = {isa = PBXBuildFile; fileRef = 6D94D783204D3F14008436D2 /* SHBitView.m */; };
/* End PBXBuildFile section */

/* Begin PBXContainerItemProxy section */
		6D94D766204D3ED8008436D2 /* PBXContainerItemProxy */ = {
			isa = PBXContainerItemProxy;
			containerPortal = 6D94D742204D3ED8008436D2 /* Project object */;
			proxyType = 1;
			remoteGlobalIDString = 6D94D749204D3ED8008436D2;
			remoteInfo = SHBitView;
		};
		6D94D771204D3ED8008436D2 /* PBXContainerItemProxy */ = {
			isa = PBXContainerItemProxy;
			containerPortal = 6D94D742204D3ED8008436D2 /* Project object */;
			proxyType = 1;
			remoteGlobalIDString = 6D94D749204D3ED8008436D2;
			remoteInfo = SHBitView;
		};
/* End PBXContainerItemProxy section */

/* Begin PBXFileReference section */
		6D94D74A204D3ED8008436D2 /* SHBitView.app */ = {isa = PBXFileReference; explicitFileType = wrapper.application; includeInIndex = 0; path = SHBitView.app; sourceTree = BUILT_PRODUCTS_DIR; };
		6D94D74D204D3ED8008436D2 /* AppDelegate.h */ = {isa = PBXFileReference; lastKnownFileType = sourcecode.c.h; path = AppDelegate.h; sourceTree = "<group>"; };
		6D94D74E204D3ED8008436D2 /* AppDelegate.m */ = {isa = PBXFileReference; lastKnownFileType = sourcecode.c.objc; path = AppDelegate.m; sourceTree = "<group>"; };
		6D94D750204D3ED8008436D2 /* ViewController.h */ = {isa = PBXFileReference; lastKnownFileType = sourcecode.c.h; path = ViewController.h; sourceTree = "<group>"; };
		6D94D751204D3ED8008436D2 /* ViewController.m */ = {isa = PBXFileReference; lastKnownFileType = sourcecode.c.objc; path = ViewController.m; sourceTree = "<group>"; };
		6D94D754204D3ED8008436D2 /* Base */ = {isa = PBXFileReference; lastKnownFileType = file.storyboard; name = Base; path = Base.lproj/Main.storyboard; sourceTree = "<group>"; };
		6D94D757204D3ED8008436D2 /* SHBitView.xcdatamodel */ = {isa = PBXFileReference; lastKnownFileType = wrapper.xcdatamodel; path = SHBitView.xcdatamodel; sourceTree = "<group>"; };
		6D94D759204D3ED8008436D2 /* Assets.xcassets */ = {isa = PBXFileReference; lastKnownFileType = folder.assetcatalog; path = Assets.xcassets; sourceTree = "<group>"; };
		6D94D75C204D3ED8008436D2 /* Base */ = {isa = PBXFileReference; lastKnownFileType = file.storyboard; name = Base; path = Base.lproj/LaunchScreen.storyboard; sourceTree = "<group>"; };
		6D94D75E204D3ED8008436D2 /* Info.plist */ = {isa = PBXFileReference; lastKnownFileType = text.plist.xml; path = Info.plist; sourceTree = "<group>"; };
		6D94D75F204D3ED8008436D2 /* main.m */ = {isa = PBXFileReference; lastKnownFileType = sourcecode.c.objc; path = main.m; sourceTree = "<group>"; };
		6D94D765204D3ED8008436D2 /* SHBitViewTests.xctest */ = {isa = PBXFileReference; explicitFileType = wrapper.cfbundle; includeInIndex = 0; path = SHBitViewTests.xctest; sourceTree = BUILT_PRODUCTS_DIR; };
		6D94D769204D3ED8008436D2 /* SHBitViewTests.m */ = {isa = PBXFileReference; lastKnownFileType = sourcecode.c.objc; path = SHBitViewTests.m; sourceTree = "<group>"; };
		6D94D76B204D3ED8008436D2 /* Info.plist */ = {isa = PBXFileReference; lastKnownFileType = text.plist.xml; path = Info.plist; sourceTree = "<group>"; };
		6D94D770204D3ED8008436D2 /* SHBitViewUITests.xctest */ = {isa = PBXFileReference; explicitFileType = wrapper.cfbundle; includeInIndex = 0; path = SHBitViewUITests.xctest; sourceTree = BUILT_PRODUCTS_DIR; };
		6D94D774204D3ED8008436D2 /* SHBitViewUITests.m */ = {isa = PBXFileReference; lastKnownFileType = sourcecode.c.objc; path = SHBitViewUITests.m; sourceTree = "<group>"; };
		6D94D776204D3ED8008436D2 /* Info.plist */ = {isa = PBXFileReference; lastKnownFileType = text.plist.xml; path = Info.plist; sourceTree = "<group>"; };
		6D94D782204D3F14008436D2 /* SHBitView.h */ = {isa = PBXFileReference; lastKnownFileType = sourcecode.c.h; path = SHBitView.h; sourceTree = "<group>"; };
		6D94D783204D3F14008436D2 /* SHBitView.m */ = {isa = PBXFileReference; lastKnownFileType = sourcecode.c.objc; path = SHBitView.m; sourceTree = "<group>"; };
/* End PBXFileReference section */

/* Begin PBXFrameworksBuildPhase section */
		6D94D747204D3ED8008436D2 /* Frameworks */ = {
			isa = PBXFrameworksBuildPhase;
			buildActionMask = 2147483647;
			files = (
			);
			runOnlyForDeploymentPostprocessing = 0;
		};
		6D94D762204D3ED8008436D2 /* Frameworks */ = {
			isa = PBXFrameworksBuildPhase;
			buildActionMask = 2147483647;
			files = (
			);
			runOnlyForDeploymentPostprocessing = 0;
		};
		6D94D76D204D3ED8008436D2 /* Frameworks */ = {
			isa = PBXFrameworksBuildPhase;
			buildActionMask = 2147483647;
			files = (
			);
			runOnlyForDeploymentPostprocessing = 0;
		};
/* End PBXFrameworksBuildPhase section */

/* Begin PBXGroup section */
		6D94D741204D3ED8008436D2 = {
			isa = PBXGroup;
			children = (
				6D94D74C204D3ED8008436D2 /* SHBitView */,
				6D94D768204D3ED8008436D2 /* SHBitViewTests */,
				6D94D773204D3ED8008436D2 /* SHBitViewUITests */,
				6D94D74B204D3ED8008436D2 /* Products */,
			);
			sourceTree = "<group>";
		};
		6D94D74B204D3ED8008436D2 /* Products */ = {
			isa = PBXGroup;
			children = (
				6D94D74A204D3ED8008436D2 /* SHBitView.app */,
				6D94D765204D3ED8008436D2 /* SHBitViewTests.xctest */,
				6D94D770204D3ED8008436D2 /* SHBitViewUITests.xctest */,
			);
			name = Products;
			sourceTree = "<group>";
		};
		6D94D74C204D3ED8008436D2 /* SHBitView */ = {
			isa = PBXGroup;
			children = (
				6D94D74D204D3ED8008436D2 /* AppDelegate.h */,
				6D94D74E204D3ED8008436D2 /* AppDelegate.m */,
				6D94D750204D3ED8008436D2 /* ViewController.h */,
				6D94D751204D3ED8008436D2 /* ViewController.m */,
				6D94D782204D3F14008436D2 /* SHBitView.h */,
				6D94D783204D3F14008436D2 /* SHBitView.m */,
				6D94D753204D3ED8008436D2 /* Main.storyboard */,
				6D94D759204D3ED8008436D2 /* Assets.xcassets */,
				6D94D75B204D3ED8008436D2 /* LaunchScreen.storyboard */,
				6D94D75E204D3ED8008436D2 /* Info.plist */,
				6D94D75F204D3ED8008436D2 /* main.m */,
				6D94D756204D3ED8008436D2 /* SHBitView.xcdatamodeld */,
			);
			path = SHBitView;
			sourceTree = "<group>";
		};
		6D94D768204D3ED8008436D2 /* SHBitViewTests */ = {
			isa = PBXGroup;
			children = (
				6D94D769204D3ED8008436D2 /* SHBitViewTests.m */,
				6D94D76B204D3ED8008436D2 /* Info.plist */,
			);
			path = SHBitViewTests;
			sourceTree = "<group>";
		};
		6D94D773204D3ED8008436D2 /* SHBitViewUITests */ = {
			isa = PBXGroup;
			children = (
				6D94D774204D3ED8008436D2 /* SHBitViewUITests.m */,
				6D94D776204D3ED8008436D2 /* Info.plist */,
			);
			path = SHBitViewUITests;
			sourceTree = "<group>";
		};
/* End PBXGroup section */

/* Begin PBXNativeTarget section */
		6D94D749204D3ED8008436D2 /* SHBitView */ = {
			isa = PBXNativeTarget;
			buildConfigurationList = 6D94D779204D3ED8008436D2 /* Build configuration list for PBXNativeTarget "SHBitView" */;
			buildPhases = (
				6D94D746204D3ED8008436D2 /* Sources */,
				6D94D747204D3ED8008436D2 /* Frameworks */,
				6D94D748204D3ED8008436D2 /* Resources */,
			);
			buildRules = (
			);
			dependencies = (
			);
			name = SHBitView;
			productName = SHBitView;
			productReference = 6D94D74A204D3ED8008436D2 /* SHBitView.app */;
			productType = "com.apple.product-type.application";
		};
		6D94D764204D3ED8008436D2 /* SHBitViewTests */ = {
			isa = PBXNativeTarget;
			buildConfigurationList = 6D94D77C204D3ED8008436D2 /* Build configuration list for PBXNativeTarget "SHBitViewTests" */;
			buildPhases = (
				6D94D761204D3ED8008436D2 /* Sources */,
				6D94D762204D3ED8008436D2 /* Frameworks */,
				6D94D763204D3ED8008436D2 /* Resources */,
			);
			buildRules = (
			);
			dependencies = (
				6D94D767204D3ED8008436D2 /* PBXTargetDependency */,
			);
			name = SHBitViewTests;
			productName = SHBitViewTests;
			productReference = 6D94D765204D3ED8008436D2 /* SHBitViewTests.xctest */;
			productType = "com.apple.product-type.bundle.unit-test";
		};
		6D94D76F204D3ED8008436D2 /* SHBitViewUITests */ = {
			isa = PBXNativeTarget;
			buildConfigurationList = 6D94D77F204D3ED8008436D2 /* Build configuration list for PBXNativeTarget "SHBitViewUITests" */;
			buildPhases = (
				6D94D76C204D3ED8008436D2 /* Sources */,
				6D94D76D204D3ED8008436D2 /* Frameworks */,
				6D94D76E204D3ED8008436D2 /* Resources */,
			);
			buildRules = (
			);
			dependencies = (
				6D94D772204D3ED8008436D2 /* PBXTargetDependency */,
			);
			name = SHBitViewUITests;
			productName = SHBitViewUITests;
			productReference = 6D94D770204D3ED8008436D2 /* SHBitViewUITests.xctest */;
			productType = "com.apple.product-type.bundle.ui-testing";
		};
/* End PBXNativeTarget section */

/* Begin PBXProject section */
		6D94D742204D3ED8008436D2 /* Project object */ = {
			isa = PBXProject;
			attributes = {
				LastUpgradeCheck = 0920;
				ORGANIZATIONNAME = SHKIT;
				TargetAttributes = {
					6D94D749204D3ED8008436D2 = {
						CreatedOnToolsVersion = 9.2;
						ProvisioningStyle = Automatic;
					};
					6D94D764204D3ED8008436D2 = {
						CreatedOnToolsVersion = 9.2;
						ProvisioningStyle = Automatic;
						TestTargetID = 6D94D749204D3ED8008436D2;
					};
					6D94D76F204D3ED8008436D2 = {
						CreatedOnToolsVersion = 9.2;
						ProvisioningStyle = Automatic;
						TestTargetID = 6D94D749204D3ED8008436D2;
					};
				};
			};
			buildConfigurationList = 6D94D745204D3ED8008436D2 /* Build configuration list for PBXProject "SHBitView" */;
			compatibilityVersion = "Xcode 8.0";
			developmentRegion = en;
			hasScannedForEncodings = 0;
			knownRegions = (
				en,
				Base,
			);
			mainGroup = 6D94D741204D3ED8008436D2;
			productRefGroup = 6D94D74B204D3ED8008436D2 /* Products */;
			projectDirPath = "";
			projectRoot = "";
			targets = (
				6D94D749204D3ED8008436D2 /* SHBitView */,
				6D94D764204D3ED8008436D2 /* SHBitViewTests */,
				6D94D76F204D3ED8008436D2 /* SHBitViewUITests */,
			);
		};
/* End PBXProject section */

/* Begin PBXResourcesBuildPhase section */
		6D94D748204D3ED8008436D2 /* Resources */ = {
			isa = PBXResourcesBuildPhase;
			buildActionMask = 2147483647;
			files = (
				6D94D75D204D3ED8008436D2 /* LaunchScreen.storyboard in Resources */,
				6D94D75A204D3ED8008436D2 /* Assets.xcassets in Resources */,
				6D94D755204D3ED8008436D2 /* Main.storyboard in Resources */,
			);
			runOnlyForDeploymentPostprocessing = 0;
		};
		6D94D763204D3ED8008436D2 /* Resources */ = {
			isa = PBXResourcesBuildPhase;
			buildActionMask = 2147483647;
			files = (
			);
			runOnlyForDeploymentPostprocessing = 0;
		};
		6D94D76E204D3ED8008436D2 /* Resources */ = {
			isa = PBXResourcesBuildPhase;
			buildActionMask = 2147483647;
			files = (
			);
			runOnlyForDeploymentPostprocessing = 0;
		};
/* End PBXResourcesBuildPhase section */

/* Begin PBXSourcesBuildPhase section */
		6D94D746204D3ED8008436D2 /* Sources */ = {
			isa = PBXSourcesBuildPhase;
			buildActionMask = 2147483647;
			files = (
				6D94D752204D3ED8008436D2 /* ViewController.m in Sources */,
				6D94D758204D3ED8008436D2 /* SHBitView.xcdatamodeld in Sources */,
				6D94D784204D3F14008436D2 /* SHBitView.m in Sources */,
				6D94D760204D3ED8008436D2 /* main.m in Sources */,
				6D94D74F204D3ED8008436D2 /* AppDelegate.m in Sources */,
			);
			runOnlyForDeploymentPostprocessing = 0;
		};
		6D94D761204D3ED8008436D2 /* Sources */ = {
			isa = PBXSourcesBuildPhase;
			buildActionMask = 2147483647;
			files = (
				6D94D76A204D3ED8008436D2 /* SHBitViewTests.m in Sources */,
			);
			runOnlyForDeploymentPostprocessing = 0;
		};
		6D94D76C204D3ED8008436D2 /* Sources */ = {
			isa = PBXSourcesBuildPhase;
			buildActionMask = 2147483647;
			files = (
				6D94D775204D3ED8008436D2 /* SHBitViewUITests.m in Sources */,
			);
			runOnlyForDeploymentPostprocessing = 0;
		};
/* End PBXSourcesBuildPhase section */

/* Begin PBXTargetDependency section */
		6D94D767204D3ED8008436D2 /* PBXTargetDependency */ = {
			isa = PBXTargetDependency;
			target = 6D94D749204D3ED8008436D2 /* SHBitView */;
			targetProxy = 6D94D766204D3ED8008436D2 /* PBXContainerItemProxy */;
		};
		6D94D772204D3ED8008436D2 /* PBXTargetDependency */ = {
			isa = PBXTargetDependency;
			target = 6D94D749204D3ED8008436D2 /* SHBitView */;
			targetProxy = 6D94D771204D3ED8008436D2 /* PBXContainerItemProxy */;
		};
/* End PBXTargetDependency section */

/* Begin PBXVariantGroup section */
		6D94D753204D3ED8008436D2 /* Main.storyboard */ = {
			isa = PBXVariantGroup;
			children = (
				6D94D754204D3ED8008436D2 /* Base */,
			);
			name = Main.storyboard;
			sourceTree = "<group>";
		};
		6D94D75B204D3ED8008436D2 /* LaunchScreen.storyboard */ = {
			isa = PBXVariantGroup;
			children = (
				6D94D75C204D3ED8008436D2 /* Base */,
			);
			name = LaunchScreen.storyboard;
			sourceTree = "<group>";
		};
/* End PBXVariantGroup section */

/* Begin XCBuildConfiguration section */
		6D94D777204D3ED8008436D2 /* Debug */ = {
			isa = XCBuildConfiguration;
			buildSettings = {
				ALWAYS_SEARCH_USER_PATHS = NO;
				CLANG_ANALYZER_NONNULL = YES;
				CLANG_ANALYZER_NUMBER_OBJECT_CONVERSION = YES_AGGRESSIVE;
				CLANG_CXX_LANGUAGE_STANDARD = "gnu++14";
				CLANG_CXX_LIBRARY = "libc++";
				CLANG_ENABLE_MODULES = YES;
				CLANG_ENABLE_OBJC_ARC = YES;
				CLANG_WARN_BLOCK_CAPTURE_AUTORELEASING = YES;
				CLANG_WARN_BOOL_CONVERSION = YES;
				CLANG_WARN_COMMA = YES;
				CLANG_WARN_CONSTANT_CONVERSION = YES;
				CLANG_WARN_DIRECT_OBJC_ISA_USAGE = YES_ERROR;
				CLANG_WARN_DOCUMENTATION_COMMENTS = YES;
				CLANG_WARN_EMPTY_BODY = YES;
				CLANG_WARN_ENUM_CONVERSION = YES;
				CLANG_WARN_INFINITE_RECURSION = YES;
				CLANG_WARN_INT_CONVERSION = YES;
				CLANG_WARN_NON_LITERAL_NULL_CONVERSION = YES;
				CLANG_WARN_OBJC_LITERAL_CONVERSION = YES;
				CLANG_WARN_OBJC_ROOT_CLASS = YES_ERROR;
				CLANG_WARN_RANGE_LOOP_ANALYSIS = YES;
				CLANG_WARN_STRICT_PROTOTYPES = YES;
				CLANG_WARN_SUSPICIOUS_MOVE = YES;
				CLANG_WARN_UNGUARDED_AVAILABILITY = YES_AGGRESSIVE;
				CLANG_WARN_UNREACHABLE_CODE = YES;
				CLANG_WARN__DUPLICATE_METHOD_MATCH = YES;
				CODE_SIGN_IDENTITY = "iPhone Developer";
				COPY_PHASE_STRIP = NO;
				DEBUG_INFORMATION_FORMAT = dwarf;
				ENABLE_STRICT_OBJC_MSGSEND = YES;
				ENABLE_TESTABILITY = YES;
				GCC_C_LANGUAGE_STANDARD = gnu11;
				GCC_DYNAMIC_NO_PIC = NO;
				GCC_NO_COMMON_BLOCKS = YES;
				GCC_OPTIMIZATION_LEVEL = 0;
				GCC_PREPROCESSOR_DEFINITIONS = (
					"DEBUG=1",
					"$(inherited)",
				);
				GCC_WARN_64_TO_32_BIT_CONVERSION = YES;
				GCC_WARN_ABOUT_RETURN_TYPE = YES_ERROR;
				GCC_WARN_UNDECLARED_SELECTOR = YES;
				GCC_WARN_UNINITIALIZED_AUTOS = YES_AGGRESSIVE;
				GCC_WARN_UNUSED_FUNCTION = YES;
				GCC_WARN_UNUSED_VARIABLE = YES;
				IPHONEOS_DEPLOYMENT_TARGET = 11.2;
				MTL_ENABLE_DEBUG_INFO = YES;
				ONLY_ACTIVE_ARCH = YES;
				SDKROOT = iphoneos;
			};
			name = Debug;
		};
		6D94D778204D3ED8008436D2 /* Release */ = {
			isa = XCBuildConfiguration;
			buildSettings = {
				ALWAYS_SEARCH_USER_PATHS = NO;
				CLANG_ANALYZER_NONNULL = YES;
				CLANG_ANALYZER_NUMBER_OBJECT_CONVERSION = YES_AGGRESSIVE;
				CLANG_CXX_LANGUAGE_STANDARD = "gnu++14";
				CLANG_CXX_LIBRARY = "libc++";
				CLANG_ENABLE_MODULES = YES;
				CLANG_ENABLE_OBJC_ARC = YES;
				CLANG_WARN_BLOCK_CAPTURE_AUTORELEASING = YES;
				CLANG_WARN_BOOL_CONVERSION = YES;
				CLANG_WARN_COMMA = YES;
				CLANG_WARN_CONSTANT_CONVERSION = YES;
				CLANG_WARN_DIRECT_OBJC_ISA_USAGE = YES_ERROR;
				CLANG_WARN_DOCUMENTATION_COMMENTS = YES;
				CLANG_WARN_EMPTY_BODY = YES;
				CLANG_WARN_ENUM_CONVERSION = YES;
				CLANG_WARN_INFINITE_RECURSION = YES;
				CLANG_WARN_INT_CONVERSION = YES;
				CLANG_WARN_NON_LITERAL_NULL_CONVERSION = YES;
				CLANG_WARN_OBJC_LITERAL_CONVERSION = YES;
				CLANG_WARN_OBJC_ROOT_CLASS = YES_ERROR;
				CLANG_WARN_RANGE_LOOP_ANALYSIS = YES;
				CLANG_WARN_STRICT_PROTOTYPES = YES;
				CLANG_WARN_SUSPICIOUS_MOVE = YES;
				CLANG_WARN_UNGUARDED_AVAILABILITY = YES_AGGRESSIVE;
				CLANG_WARN_UNREACHABLE_CODE = YES;
				CLANG_WARN__DUPLICATE_METHOD_MATCH = YES;
				CODE_SIGN_IDENTITY = "iPhone Developer";
				COPY_PHASE_STRIP = NO;
				DEBUG_INFORMATION_FORMAT = "dwarf-with-dsym";
				ENABLE_NS_ASSERTIONS = NO;
				ENABLE_STRICT_OBJC_MSGSEND = YES;
				GCC_C_LANGUAGE_STANDARD = gnu11;
				GCC_NO_COMMON_BLOCKS = YES;
				GCC_WARN_64_TO_32_BIT_CONVERSION = YES;
				GCC_WARN_ABOUT_RETURN_TYPE = YES_ERROR;
				GCC_WARN_UNDECLARED_SELECTOR = YES;
				GCC_WARN_UNINITIALIZED_AUTOS = YES_AGGRESSIVE;
				GCC_WARN_UNUSED_FUNCTION = YES;
				GCC_WARN_UNUSED_VARIABLE = YES;
				IPHONEOS_DEPLOYMENT_TARGET = 11.2;
				MTL_ENABLE_DEBUG_INFO = NO;
				SDKROOT = iphoneos;
				VALIDATE_PRODUCT = YES;
			};
			name = Release;
		};
		6D94D77A204D3ED8008436D2 /* Debug */ = {
			isa = XCBuildConfiguration;
			buildSettings = {
				ASSETCATALOG_COMPILER_APPICON_NAME = AppIcon;
				CODE_SIGN_STYLE = Automatic;
				DEVELOPMENT_TEAM = QN3M9RC4UW;
				INFOPLIST_FILE = SHBitView/Info.plist;
				LD_RUNPATH_SEARCH_PATHS = "$(inherited) @executable_path/Frameworks";
				PRODUCT_BUNDLE_IDENTIFIER = SHKIT.SHBitView;
				PRODUCT_NAME = "$(TARGET_NAME)";
				TARGETED_DEVICE_FAMILY = "1,2";
			};
			name = Debug;
		};
		6D94D77B204D3ED8008436D2 /* Release */ = {
			isa = XCBuildConfiguration;
			buildSettings = {
				ASSETCATALOG_COMPILER_APPICON_NAME = AppIcon;
				CODE_SIGN_STYLE = Automatic;
				DEVELOPMENT_TEAM = QN3M9RC4UW;
				INFOPLIST_FILE = SHBitView/Info.plist;
				LD_RUNPATH_SEARCH_PATHS = "$(inherited) @executable_path/Frameworks";
				PRODUCT_BUNDLE_IDENTIFIER = SHKIT.SHBitView;
				PRODUCT_NAME = "$(TARGET_NAME)";
				TARGETED_DEVICE_FAMILY = "1,2";
			};
			name = Release;
		};
		6D94D77D204D3ED8008436D2 /* Debug */ = {
			isa = XCBuildConfiguration;
			buildSettings = {
				BUNDLE_LOADER = "$(TEST_HOST)";
				CODE_SIGN_STYLE = Automatic;
				DEVELOPMENT_TEAM = QN3M9RC4UW;
				INFOPLIST_FILE = SHBitViewTests/Info.plist;
				LD_RUNPATH_SEARCH_PATHS = "$(inherited) @executable_path/Frameworks @loader_path/Frameworks";
				PRODUCT_BUNDLE_IDENTIFIER = SHKIT.SHBitViewTests;
				PRODUCT_NAME = "$(TARGET_NAME)";
				TARGETED_DEVICE_FAMILY = "1,2";
				TEST_HOST = "$(BUILT_PRODUCTS_DIR)/SHBitView.app/SHBitView";
			};
			name = Debug;
		};
		6D94D77E204D3ED8008436D2 /* Release */ = {
			isa = XCBuildConfiguration;
			buildSettings = {
				BUNDLE_LOADER = "$(TEST_HOST)";
				CODE_SIGN_STYLE = Automatic;
				DEVELOPMENT_TEAM = QN3M9RC4UW;
				INFOPLIST_FILE = SHBitViewTests/Info.plist;
				LD_RUNPATH_SEARCH_PATHS = "$(inherited) @executable_path/Frameworks @loader_path/Frameworks";
				PRODUCT_BUNDLE_IDENTIFIER = SHKIT.SHBitViewTests;
				PRODUCT_NAME = "$(TARGET_NAME)";
				TARGETED_DEVICE_FAMILY = "1,2";
				TEST_HOST = "$(BUILT_PRODUCTS_DIR)/SHBitView.app/SHBitView";
			};
			name = Release;
		};
		6D94D780204D3ED8008436D2 /* Debug */ = {
			isa = XCBuildConfiguration;
			buildSettings = {
				CODE_SIGN_STYLE = Automatic;
				DEVELOPMENT_TEAM = QN3M9RC4UW;
				INFOPLIST_FILE = SHBitViewUITests/Info.plist;
				LD_RUNPATH_SEARCH_PATHS = "$(inherited) @executable_path/Frameworks @loader_path/Frameworks";
				PRODUCT_BUNDLE_IDENTIFIER = SHKIT.SHBitViewUITests;
				PRODUCT_NAME = "$(TARGET_NAME)";
				TARGETED_DEVICE_FAMILY = "1,2";
				TEST_TARGET_NAME = SHBitView;
			};
			name = Debug;
		};
		6D94D781204D3ED8008436D2 /* Release */ = {
			isa = XCBuildConfiguration;
			buildSettings = {
				CODE_SIGN_STYLE = Automatic;
				DEVELOPMENT_TEAM = QN3M9RC4UW;
				INFOPLIST_FILE = SHBitViewUITests/Info.plist;
				LD_RUNPATH_SEARCH_PATHS = "$(inherited) @executable_path/Frameworks @loader_path/Frameworks";
				PRODUCT_BUNDLE_IDENTIFIER = SHKIT.SHBitViewUITests;
				PRODUCT_NAME = "$(TARGET_NAME)";
				TARGETED_DEVICE_FAMILY = "1,2";
				TEST_TARGET_NAME = SHBitView;
			};
			name = Release;
		};
/* End XCBuildConfiguration section */

/* Begin XCConfigurationList section */
		6D94D745204D3ED8008436D2 /* Build configuration list for PBXProject "SHBitView" */ = {
			isa = XCConfigurationList;
			buildConfigurations = (
				6D94D777204D3ED8008436D2 /* Debug */,
				6D94D778204D3ED8008436D2 /* Release */,
			);
			defaultConfigurationIsVisible = 0;
			defaultConfigurationName = Release;
		};
		6D94D779204D3ED8008436D2 /* Build configuration list for PBXNativeTarget "SHBitView" */ = {
			isa = XCConfigurationList;
			buildConfigurations = (
				6D94D77A204D3ED8008436D2 /* Debug */,
				6D94D77B204D3ED8008436D2 /* Release */,
			);
			defaultConfigurationIsVisible = 0;
			defaultConfigurationName = Release;
		};
		6D94D77C204D3ED8008436D2 /* Build configuration list for PBXNativeTarget "SHBitViewTests" */ = {
			isa = XCConfigurationList;
			buildConfigurations = (
				6D94D77D204D3ED8008436D2 /* Debug */,
				6D94D77E204D3ED8008436D2 /* Release */,
			);
			defaultConfigurationIsVisible = 0;
			defaultConfigurationName = Release;
		};
		6D94D77F204D3ED8008436D2 /* Build configuration list for PBXNativeTarget "SHBitViewUITests" */ = {
			isa = XCConfigurationList;
			buildConfigurations = (
				6D94D780204D3ED8008436D2 /* Debug */,
				6D94D781204D3ED8008436D2 /* Release */,
			);
			defaultConfigurationIsVisible = 0;
			defaultConfigurationName = Release;
		};
/* End XCConfigurationList section */

/* Begin XCVersionGroup section */
		6D94D756204D3ED8008436D2 /* SHBitView.xcdatamodeld */ = {
			isa = XCVersionGroup;
			children = (
				6D94D757204D3ED8008436D2 /* SHBitView.xcdatamodel */,
			);
			currentVersion = 6D94D757204D3ED8008436D2 /* SHBitView.xcdatamodel */;
			path = SHBitView.xcdatamodeld;
			sourceTree = "<group>";
			versionGroupType = wrapper.xcdatamodel;
		};
/* End XCVersionGroup section */
	};
	rootObject = 6D94D742204D3ED8008436D2 /* Project object */;
}
